// !$*UTF8*$!
{
	archiveVersion = 1;
	classes = {
	};
	objectVersion = 46;
	objects = {

/* Begin PBXBuildFile section */
		183DCA661C2343C700ABA2A5 /* main.m in Sources */ = {isa = PBXBuildFile; fileRef = 183DCA651C2343C700ABA2A5 /* main.m */; };
		183DCA691C2343C700ABA2A5 /* AppDelegate.m in Sources */ = {isa = PBXBuildFile; fileRef = 183DCA681C2343C700ABA2A5 /* AppDelegate.m */; };
		183DCA6C1C2343C700ABA2A5 /* ViewController.m in Sources */ = {isa = PBXBuildFile; fileRef = 183DCA6B1C2343C700ABA2A5 /* ViewController.m */; };
		183DCA6F1C2343C700ABA2A5 /* Main.storyboard in Resources */ = {isa = PBXBuildFile; fileRef = 183DCA6D1C2343C700ABA2A5 /* Main.storyboard */; };
		183DCA711C2343C700ABA2A5 /* Images.xcassets in Resources */ = {isa = PBXBuildFile; fileRef = 183DCA701C2343C700ABA2A5 /* Images.xcassets */; };
		183DCA741C2343C700ABA2A5 /* LaunchScreen.xib in Resources */ = {isa = PBXBuildFile; fileRef = 183DCA721C2343C700ABA2A5 /* LaunchScreen.xib */; };
		183DCA801C2343C800ABA2A5 /* JSONParsing3AssignmentTests.m in Sources */ = {isa = PBXBuildFile; fileRef = 183DCA7F1C2343C800ABA2A5 /* JSONParsing3AssignmentTests.m */; };
		183DCA8B1C23446C00ABA2A5 /* JsonTableViewController.m in Sources */ = {isa = PBXBuildFile; fileRef = 183DCA8A1C23446C00ABA2A5 /* JsonTableViewController.m */; };
/* End PBXBuildFile section */

/* Begin PBXContainerItemProxy section */
		183DCA7A1C2343C800ABA2A5 /* PBXContainerItemProxy */ = {
			isa = PBXContainerItemProxy;
			containerPortal = 183DCA581C2343C700ABA2A5 /* Project object */;
			proxyType = 1;
			remoteGlobalIDString = 183DCA5F1C2343C700ABA2A5;
			remoteInfo = JSONParsing3Assignment;
		};
/* End PBXContainerItemProxy section */

/* Begin PBXFileReference section */
		183DCA601C2343C700ABA2A5 /* JSONParsing3Assignment.app */ = {isa = PBXFileReference; explicitFileType = wrapper.application; includeInIndex = 0; path = JSONParsing3Assignment.app; sourceTree = BUILT_PRODUCTS_DIR; };
		183DCA641C2343C700ABA2A5 /* Info.plist */ = {isa = PBXFileReference; lastKnownFileType = text.plist.xml; path = Info.plist; sourceTree = "<group>"; };
		183DCA651C2343C700ABA2A5 /* main.m */ = {isa = PBXFileReference; lastKnownFileType = sourcecode.c.objc; path = main.m; sourceTree = "<group>"; };
		183DCA671C2343C700ABA2A5 /* AppDelegate.h */ = {isa = PBXFileReference; lastKnownFileType = sourcecode.c.h; path = AppDelegate.h; sourceTree = "<group>"; };
		183DCA681C2343C700ABA2A5 /* AppDelegate.m */ = {isa = PBXFileReference; lastKnownFileType = sourcecode.c.objc; path = AppDelegate.m; sourceTree = "<group>"; };
		183DCA6A1C2343C700ABA2A5 /* ViewController.h */ = {isa = PBXFileReference; lastKnownFileType = sourcecode.c.h; path = ViewController.h; sourceTree = "<group>"; };
		183DCA6B1C2343C700ABA2A5 /* ViewController.m */ = {isa = PBXFileReference; lastKnownFileType = sourcecode.c.objc; path = ViewController.m; sourceTree = "<group>"; };
		183DCA6E1C2343C700ABA2A5 /* Base */ = {isa = PBXFileReference; lastKnownFileType = file.storyboard; name = Base; path = Base.lproj/Main.storyboard; sourceTree = "<group>"; };
		183DCA701C2343C700ABA2A5 /* Images.xcassets */ = {isa = PBXFileReference; lastKnownFileType = folder.assetcatalog; path = Images.xcassets; sourceTree = "<group>"; };
		183DCA731C2343C700ABA2A5 /* Base */ = {isa = PBXFileReference; lastKnownFileType = file.xib; name = Base; path = Base.lproj/LaunchScreen.xib; sourceTree = "<group>"; };
		183DCA791C2343C800ABA2A5 /* JSONParsing3AssignmentTests.xctest */ = {isa = PBXFileReference; explicitFileType = wrapper.cfbundle; includeInIndex = 0; path = JSONParsing3AssignmentTests.xctest; sourceTree = BUILT_PRODUCTS_DIR; };
		183DCA7E1C2343C800ABA2A5 /* Info.plist */ = {isa = PBXFileReference; lastKnownFileType = text.plist.xml; path = Info.plist; sourceTree = "<group>"; };
		183DCA7F1C2343C800ABA2A5 /* JSONParsing3AssignmentTests.m */ = {isa = PBXFileReference; lastKnownFileType = sourcecode.c.objc; path = JSONParsing3AssignmentTests.m; sourceTree = "<group>"; };
		183DCA891C23446C00ABA2A5 /* JsonTableViewController.h */ = {isa = PBXFileReference; fileEncoding = 4; lastKnownFileType = sourcecode.c.h; path = JsonTableViewController.h; sourceTree = "<group>"; };
		183DCA8A1C23446C00ABA2A5 /* JsonTableViewController.m */ = {isa = PBXFileReference; fileEncoding = 4; lastKnownFileType = sourcecode.c.objc; path = JsonTableViewController.m; sourceTree = "<group>"; };
/* End PBXFileReference section */

/* Begin PBXFrameworksBuildPhase section */
		183DCA5D1C2343C700ABA2A5 /* Frameworks */ = {
			isa = PBXFrameworksBuildPhase;
			buildActionMask = 2147483647;
			files = (
			);
			runOnlyForDeploymentPostprocessing = 0;
		};
		183DCA761C2343C800ABA2A5 /* Frameworks */ = {
			isa = PBXFrameworksBuildPhase;
			buildActionMask = 2147483647;
			files = (
			);
			runOnlyForDeploymentPostprocessing = 0;
		};
/* End PBXFrameworksBuildPhase section */

/* Begin PBXGroup section */
		183DCA571C2343C700ABA2A5 = {
			isa = PBXGroup;
			children = (
				183DCA621C2343C700ABA2A5 /* JSONParsing3Assignment */,
				183DCA7C1C2343C800ABA2A5 /* JSONParsing3AssignmentTests */,
				183DCA611C2343C700ABA2A5 /* Products */,
			);
			sourceTree = "<group>";
		};
		183DCA611C2343C700ABA2A5 /* Products */ = {
			isa = PBXGroup;
			children = (
				183DCA601C2343C700ABA2A5 /* JSONParsing3Assignment.app */,
				183DCA791C2343C800ABA2A5 /* JSONParsing3AssignmentTests.xctest */,
			);
			name = Products;
			sourceTree = "<group>";
		};
		183DCA621C2343C700ABA2A5 /* JSONParsing3Assignment */ = {
			isa = PBXGroup;
			children = (
				183DCA671C2343C700ABA2A5 /* AppDelegate.h */,
				183DCA681C2343C700ABA2A5 /* AppDelegate.m */,
				183DCA6A1C2343C700ABA2A5 /* ViewController.h */,
				183DCA6B1C2343C700ABA2A5 /* ViewController.m */,
				183DCA6D1C2343C700ABA2A5 /* Main.storyboard */,
				183DCA701C2343C700ABA2A5 /* Images.xcassets */,
				183DCA721C2343C700ABA2A5 /* LaunchScreen.xib */,
				183DCA631C2343C700ABA2A5 /* Supporting Files */,
				183DCA891C23446C00ABA2A5 /* JsonTableViewController.h */,
				183DCA8A1C23446C00ABA2A5 /* JsonTableViewController.m */,
			);
			path = JSONParsing3Assignment;
			sourceTree = "<group>";
		};
		183DCA631C2343C700ABA2A5 /* Supporting Files */ = {
			isa = PBXGroup;
			children = (
				183DCA641C2343C700ABA2A5 /* Info.plist */,
				183DCA651C2343C700ABA2A5 /* main.m */,
			);
			name = "Supporting Files";
			sourceTree = "<group>";
		};
		183DCA7C1C2343C800ABA2A5 /* JSONParsing3AssignmentTests */ = {
			isa = PBXGroup;
			children = (
				183DCA7F1C2343C800ABA2A5 /* JSONParsing3AssignmentTests.m */,
				183DCA7D1C2343C800ABA2A5 /* Supporting Files */,
			);
			path = JSONParsing3AssignmentTests;
			sourceTree = "<group>";
		};
		183DCA7D1C2343C800ABA2A5 /* Supporting Files */ = {
			isa = PBXGroup;
			children = (
				183DCA7E1C2343C800ABA2A5 /* Info.plist */,
			);
			name = "Supporting Files";
			sourceTree = "<group>";
		};
/* End PBXGroup section */

/* Begin PBXNativeTarget section */
		183DCA5F1C2343C700ABA2A5 /* JSONParsing3Assignment */ = {
			isa = PBXNativeTarget;
			buildConfigurationList = 183DCA831C2343C800ABA2A5 /* Build configuration list for PBXNativeTarget "JSONParsing3Assignment" */;
			buildPhases = (
				183DCA5C1C2343C700ABA2A5 /* Sources */,
				183DCA5D1C2343C700ABA2A5 /* Frameworks */,
				183DCA5E1C2343C700ABA2A5 /* Resources */,
			);
			buildRules = (
			);
			dependencies = (
			);
			name = JSONParsing3Assignment;
			productName = JSONParsing3Assignment;
			productReference = 183DCA601C2343C700ABA2A5 /* JSONParsing3Assignment.app */;
			productType = "com.apple.product-type.application";
		};
		183DCA781C2343C800ABA2A5 /* JSONParsing3AssignmentTests */ = {
			isa = PBXNativeTarget;
			buildConfigurationList = 183DCA861C2343C800ABA2A5 /* Build configuration list for PBXNativeTarget "JSONParsing3AssignmentTests" */;
			buildPhases = (
				183DCA751C2343C800ABA2A5 /* Sources */,
				183DCA761C2343C800ABA2A5 /* Frameworks */,
				183DCA771C2343C800ABA2A5 /* Resources */,
			);
			buildRules = (
			);
			dependencies = (
				183DCA7B1C2343C800ABA2A5 /* PBXTargetDependency */,
			);
			name = JSONParsing3AssignmentTests;
			productName = JSONParsing3AssignmentTests;
			productReference = 183DCA791C2343C800ABA2A5 /* JSONParsing3AssignmentTests.xctest */;
			productType = "com.apple.product-type.bundle.unit-test";
		};
/* End PBXNativeTarget section */

/* Begin PBXProject section */
		183DCA581C2343C700ABA2A5 /* Project object */ = {
			isa = PBXProject;
			attributes = {
				LastUpgradeCheck = 0600;
				ORGANIZATIONNAME = CDAC;
				TargetAttributes = {
					183DCA5F1C2343C700ABA2A5 = {
						CreatedOnToolsVersion = 6.0;
					};
					183DCA781C2343C800ABA2A5 = {
						CreatedOnToolsVersion = 6.0;
						TestTargetID = 183DCA5F1C2343C700ABA2A5;
					};
				};
			};
			buildConfigurationList = 183DCA5B1C2343C700ABA2A5 /* Build configuration list for PBXProject "JSONParsing3Assignment" */;
			compatibilityVersion = "Xcode 3.2";
			developmentRegion = English;
			hasScannedForEncodings = 0;
			knownRegions = (
				en,
				Base,
			);
			mainGroup = 183DCA571C2343C700ABA2A5;
			productRefGroup = 183DCA611C2343C700ABA2A5 /* Products */;
			projectDirPath = "";
			projectRoot = "";
			targets = (
				183DCA5F1C2343C700ABA2A5 /* JSONParsing3Assignment */,
				183DCA781C2343C800ABA2A5 /* JSONParsing3AssignmentTests */,
			);
		};
/* End PBXProject section */

/* Begin PBXResourcesBuildPhase section */
		183DCA5E1C2343C700ABA2A5 /* Resources */ = {
			isa = PBXResourcesBuildPhase;
			buildActionMask = 2147483647;
			files = (
				183DCA6F1C2343C700ABA2A5 /* Main.storyboard in Resources */,
				183DCA741C2343C700ABA2A5 /* LaunchScreen.xib in Resources */,
				183DCA711C2343C700ABA2A5 /* Images.xcassets in Resources */,
			);
			runOnlyForDeploymentPostprocessing = 0;
		};
		183DCA771C2343C800ABA2A5 /* Resources */ = {
			isa = PBXResourcesBuildPhase;
			buildActionMask = 2147483647;
			files = (
			);
			runOnlyForDeploymentPostprocessing = 0;
		};
/* End PBXResourcesBuildPhase section */

/* Begin PBXSourcesBuildPhase section */
		183DCA5C1C2343C700ABA2A5 /* Sources */ = {
			isa = PBXSourcesBuildPhase;
			buildActionMask = 2147483647;
			files = (
				183DCA6C1C2343C700ABA2A5 /* ViewController.m in Sources */,
				183DCA8B1C23446C00ABA2A5 /* JsonTableViewController.m in Sources */,
				183DCA691C2343C700ABA2A5 /* AppDelegate.m in Sources */,
				183DCA661C2343C700ABA2A5 /* main.m in Sources */,
			);
			runOnlyForDeploymentPostprocessing = 0;
		};
		183DCA751C2343C800ABA2A5 /* Sources */ = {
			isa = PBXSourcesBuildPhase;
			buildActionMask = 2147483647;
			files = (
				183DCA801C2343C800ABA2A5 /* JSONParsing3AssignmentTests.m in Sources */,
			);
			runOnlyForDeploymentPostprocessing = 0;
		};
/* End PBXSourcesBuildPhase section */

/* Begin PBXTargetDependency section */
		183DCA7B1C2343C800ABA2A5 /* PBXTargetDependency */ = {
			isa = PBXTargetDependency;
			target = 183DCA5F1C2343C700ABA2A5 /* JSONParsing3Assignment */;
			targetProxy = 183DCA7A1C2343C800ABA2A5 /* PBXContainerItemProxy */;
		};
/* End PBXTargetDependency section */

/* Begin PBXVariantGroup section */
		183DCA6D1C2343C700ABA2A5 /* Main.storyboard */ = {
			isa = PBXVariantGroup;
			children = (
				183DCA6E1C2343C700ABA2A5 /* Base */,
			);
			name = Main.storyboard;
			sourceTree = "<group>";
		};
		183DCA721C2343C700ABA2A5 /* LaunchScreen.xib */ = {
			isa = PBXVariantGroup;
			children = (
				183DCA731C2343C700ABA2A5 /* Base */,
			);
			name = LaunchScreen.xib;
			sourceTree = "<group>";
		};
/* End PBXVariantGroup section */

/* Begin XCBuildConfiguration section */
		183DCA811C2343C800ABA2A5 /* Debug */ = {
			isa = XCBuildConfiguration;
			buildSettings = {
				ALWAYS_SEARCH_USER_PATHS = NO;
				CLANG_CXX_LANGUAGE_STANDARD = "gnu++0x";
				CLANG_CXX_LIBRARY = "libc++";
				CLANG_ENABLE_MODULES = YES;
				CLANG_ENABLE_OBJC_ARC = YES;
				CLANG_WARN_BOOL_CONVERSION = YES;
				CLANG_WARN_CONSTANT_CONVERSION = YES;
				CLANG_WARN_DIRECT_OBJC_ISA_USAGE = YES_ERROR;
				CLANG_WARN_EMPTY_BODY = YES;
				CLANG_WARN_ENUM_CONVERSION = YES;
				CLANG_WARN_INT_CONVERSION = YES;
				CLANG_WARN_OBJC_ROOT_CLASS = YES_ERROR;
				CLANG_WARN_UNREACHABLE_CODE = YES;
				CLANG_WARN__DUPLICATE_METHOD_MATCH = YES;
				"CODE_SIGN_IDENTITY[sdk=iphoneos*]" = "iPhone Developer";
				COPY_PHASE_STRIP = NO;
				ENABLE_STRICT_OBJC_MSGSEND = YES;
				GCC_C_LANGUAGE_STANDARD = gnu99;
				GCC_DYNAMIC_NO_PIC = NO;
				GCC_OPTIMIZATION_LEVEL = 0;
				GCC_PREPROCESSOR_DEFINITIONS = (
					"DEBUG=1",
					"$(inherited)",
				);
				GCC_SYMBOLS_PRIVATE_EXTERN = NO;
				GCC_WARN_64_TO_32_BIT_CONVERSION = YES;
				GCC_WARN_ABOUT_RETURN_TYPE = YES_ERROR;
				GCC_WARN_UNDECLARED_SELECTOR = YES;
				GCC_WARN_UNINITIALIZED_AUTOS = YES_AGGRESSIVE;
				GCC_WARN_UNUSED_FUNCTION = YES;
				GCC_WARN_UNUSED_VARIABLE = YES;
				IPHONEOS_DEPLOYMENT_TARGET = 8.0;
				MTL_ENABLE_DEBUG_INFO = YES;
				ONLY_ACTIVE_ARCH = YES;
				SDKROOT = iphoneos;
			};
			name = Debug;
		};
		183DCA821C2343C800ABA2A5 /* Release */ = {
			isa = XCBuildConfiguration;
			buildSettings = {
				ALWAYS_SEARCH_USER_PATHS = NO;
				CLANG_CXX_LANGUAGE_STANDARD = "gnu++0x";
				CLANG_CXX_LIBRARY = "libc++";
				CLANG_ENABLE_MODULES = YES;
				CLANG_ENABLE_OBJC_ARC = YES;
				CLANG_WARN_BOOL_CONVERSION = YES;
				CLANG_WARN_CONSTANT_CONVERSION = YES;
				CLANG_WARN_DIRECT_OBJC_ISA_USAGE = YES_ERROR;
				CLANG_WARN_EMPTY_BODY = YES;
				CLANG_WARN_ENUM_CONVERSION = YES;
				CLANG_WARN_INT_CONVERSION = YES;
				CLANG_WARN_OBJC_ROOT_CLASS = YES_ERROR;
				CLANG_WARN_UNREACHABLE_CODE = YES;
				CLANG_WARN__DUPLICATE_METHOD_MATCH = YES;
				"CODE_SIGN_IDENTITY[sdk=iphoneos*]" = "iPhone Developer";
				COPY_PHASE_STRIP = YES;
				ENABLE_NS_ASSERTIONS = NO;
				ENABLE_STRICT_OBJC_MSGSEND = YES;
				GCC_C_LANGUAGE_STANDARD = gnu99;
				GCC_WARN_64_TO_32_BIT_CONVERSION = YES;
				GCC_WARN_ABOUT_RETURN_TYPE = YES_ERROR;
				GCC_WARN_UNDECLARED_SELECTOR = YES;
				GCC_WARN_UNINITIALIZED_AUTOS = YES_AGGRESSIVE;
				GCC_WARN_UNUSED_FUNCTION = YES;
				GCC_WARN_UNUSED_VARIABLE = YES;
				IPHONEOS_DEPLOYMENT_TARGET = 8.0;
				MTL_ENABLE_DEBUG_INFO = NO;
				SDKROOT = iphoneos;
				VALIDATE_PRODUCT = YES;
			};
			name = Release;
		};
		183DCA841C2343C800ABA2A5 /* Debug */ = {
			isa = XCBuildConfiguration;
			buildSettings = {
				ASSETCATALOG_COMPILER_APPICON_NAME = AppIcon;
				INFOPLIST_FILE = JSONParsing3Assignment/Info.plist;
				LD_RUNPATH_SEARCH_PATHS = "$(inherited) @executable_path/Frameworks";
				PRODUCT_NAME = "$(TARGET_NAME)";
			};
			name = Debug;
		};
		183DCA851C2343C800ABA2A5 /* Release */ = {
			isa = XCBuildConfiguration;
			buildSettings = {
				ASSETCATALOG_COMPILER_APPICON_NAME = AppIcon;
				INFOPLIST_FILE = JSONParsing3Assignment/Info.plist;
				LD_RUNPATH_SEARCH_PATHS = "$(inherited) @executable_path/Frameworks";
				PRODUCT_NAME = "$(TARGET_NAME)";
			};
			name = Release;
		};
		183DCA871C2343C800ABA2A5 /* Debug */ = {
			isa = XCBuildConfiguration;
			buildSettings = {
				BUNDLE_LOADER = "$(TEST_HOST)";
				FRAMEWORK_SEARCH_PATHS = (
					"$(SDKROOT)/Developer/Library/Frameworks",
					"$(inherited)",
				);
				GCC_PREPROCESSOR_DEFINITIONS = (
					"DEBUG=1",
					"$(inherited)",
				);
				INFOPLIST_FILE = JSONParsing3AssignmentTests/Info.plist;
				LD_RUNPATH_SEARCH_PATHS = "$(inherited) @executable_path/Frameworks @loader_path/Frameworks";
				PRODUCT_NAME = "$(TARGET_NAME)";
				TEST_HOST = "$(BUILT_PRODUCTS_DIR)/JSONParsing3Assignment.app/JSONParsing3Assignment";
			};
			name = Debug;
		};
		183DCA881C2343C800ABA2A5 /* Release */ = {
			isa = XCBuildConfiguration;
			buildSettings = {
				BUNDLE_LOADER = "$(TEST_HOST)";
				FRAMEWORK_SEARCH_PATHS = (
					"$(SDKROOT)/Developer/Library/Frameworks",
					"$(inherited)",
				);
				INFOPLIST_FILE = JSONParsing3AssignmentTests/Info.plist;
				LD_RUNPATH_SEARCH_PATHS = "$(inherited) @executable_path/Frameworks @loader_path/Frameworks";
				PRODUCT_NAME = "$(TARGET_NAME)";
				TEST_HOST = "$(BUILT_PRODUCTS_DIR)/JSONParsing3Assignment.app/JSONParsing3Assignment";
			};
			name = Release;
		};
/* End XCBuildConfiguration section */

/* Begin XCConfigurationList section */
		183DCA5B1C2343C700ABA2A5 /* Build configuration list for PBXProject "JSONParsing3Assignment" */ = {
			isa = XCConfigurationList;
			buildConfigurations = (
				183DCA811C2343C800ABA2A5 /* Debug */,
				183DCA821C2343C800ABA2A5 /* Release */,
			);
			defaultConfigurationIsVisible = 0;
			defaultConfigurationName = Release;
		};
		183DCA831C2343C800ABA2A5 /* Build configuration list for PBXNativeTarget "JSONParsing3Assignment" */ = {
			isa = XCConfigurationList;
			buildConfigurations = (
				183DCA841C2343C800ABA2A5 /* Debug */,
				183DCA851C2343C800ABA2A5 /* Release */,
			);
			defaultConfigurationIsVisible = 0;
		};
		183DCA861C2343C800ABA2A5 /* Build configuration list for PBXNativeTarget "JSONParsing3AssignmentTests" */ = {
			isa = XCConfigurationList;
			buildConfigurations = (
				183DCA871C2343C800ABA2A5 /* Debug */,
				183DCA881C2343C800ABA2A5 /* Release */,
			);
			defaultConfigurationIsVisible = 0;
		};
/* End XCConfigurationList section */
	};
	rootObject = 183DCA581C2343C700ABA2A5 /* Project object */;
}
